
Microsoft Visual Studio Solution File, Format Version 12.00
# Visual Studio Version 16
VisualStudioVersion = 16.0.30413.136
MinimumVisualStudioVersion = 10.0.40219.1
Project("{9A19103F-16F7-4668-BE54-9A1E7A4F7556}") = "MVCLearning", "MVCLearning\MVCLearning.csproj", "{6C1147E4-D6B3-487F-A906-17EF413E2F95}"
EndProject
Global
	GlobalSection(SolutionConfigurationPlatforms) = preSolution
		Debug|Any CPU = Debug|Any CPU
		Release|Any CPU = Release|Any CPU
	EndGlobalSection
	GlobalSection(ProjectConfigurationPlatforms) = postSolution
		{6C1147E4-D6B3-487F-A906-17EF413E2F95}.Debug|Any CPU.ActiveCfg = Debug|Any CPU
		{6C1147E4-D6B3-487F-A906-17EF413E2F95}.Debug|Any CPU.Build.0 = Debug|Any CPU
		{6C1147E4-D6B3-487F-A906-17EF413E2F95}.Release|Any CPU.ActiveCfg = Release|Any CPU
		{6C1147E4-D6B3-487F-A906-17EF413E2F95}.Release|Any CPU.Build.0 = Release|Any CPU
	EndGlobalSection
	GlobalSection(SolutionProperties) = preSolution
		HideSolutionNode = FALSE
	EndGlobalSection
	GlobalSection(ExtensibilityGlobals) = postSolution
		SolutionGuid = {7A063626-CB17-4D38-BF18-B076C172B8F1}
	EndGlobalSection
EndGlobal
